
Microsoft Visual Studio Solution File, Format Version 12.00
# Visual Studio Version 17
VisualStudioVersion = 17.5.002.0
MinimumVisualStudioVersion = 10.0.40219.1
Project("{9A19103F-16F7-4668-BE54-9A1E7A4F7556}") = "WeatherForecast", "WeatherForecast.csproj", "{6E73F519-AB3C-4368-A23F-7B3BC92D082B}"
EndProject
Global
	GlobalSection(SolutionConfigurationPlatforms) = preSolution
		Debug|Any CPU = Debug|Any CPU
		Release|Any CPU = Release|Any CPU
	EndGlobalSection
	GlobalSection(ProjectConfigurationPlatforms) = postSolution
		{6E73F519-AB3C-4368-A23F-7B3BC92D082B}.Debug|Any CPU.ActiveCfg = Debug|Any CPU
		{6E73F519-AB3C-4368-A23F-7B3BC92D082B}.Debug|Any CPU.Build.0 = Debug|Any CPU
		{6E73F519-AB3C-4368-A23F-7B3BC92D082B}.Release|Any CPU.ActiveCfg = Release|Any CPU
		{6E73F519-AB3C-4368-A23F-7B3BC92D082B}.Release|Any CPU.Build.0 = Release|Any CPU
	EndGlobalSection
	GlobalSection(SolutionProperties) = preSolution
		HideSolutionNode = FALSE
	EndGlobalSection
	GlobalSection(ExtensibilityGlobals) = postSolution
		SolutionGuid = {53D56ACF-BB03-4DA5-914A-072476852E54}
	EndGlobalSection
EndGlobal
